
Microsoft Visual Studio Solution File, Format Version 12.00
# Visual Studio Version 16
VisualStudioVersion = 16.0.29519.181
MinimumVisualStudioVersion = 10.0.40219.1
Project("{9A19103F-16F7-4668-BE54-9A1E7A4F7556}") = "NGetServer", "NGetServer\NGetServer.csproj", "{473E236C-A915-4878-AC75-9E7DEEFDE693}"
EndProject
Project("{FAE04EC0-301F-11D3-BF4B-00C04F79EFBC}") = "NGetData", "NGetData\NGetData.csproj", "{0551889F-F3B4-4E35-964C-C2F8290BD787}"
EndProject
Project("{FAE04EC0-301F-11D3-BF4B-00C04F79EFBC}") = "NGetBinaryClient", "NGetBinaryClient\NGetBinaryClient.csproj", "{95283D83-34AE-400B-9F26-B8C773B26B94}"
EndProject
Global
	GlobalSection(SolutionConfigurationPlatforms) = preSolution
		Debug|Any CPU = Debug|Any CPU
		Release|Any CPU = Release|Any CPU
	EndGlobalSection
	GlobalSection(ProjectConfigurationPlatforms) = postSolution
		{473E236C-A915-4878-AC75-9E7DEEFDE693}.Debug|Any CPU.ActiveCfg = Debug|Any CPU
		{473E236C-A915-4878-AC75-9E7DEEFDE693}.Debug|Any CPU.Build.0 = Debug|Any CPU
		{473E236C-A915-4878-AC75-9E7DEEFDE693}.Release|Any CPU.ActiveCfg = Release|Any CPU
		{473E236C-A915-4878-AC75-9E7DEEFDE693}.Release|Any CPU.Build.0 = Release|Any CPU
		{0551889F-F3B4-4E35-964C-C2F8290BD787}.Debug|Any CPU.ActiveCfg = Debug|Any CPU
		{0551889F-F3B4-4E35-964C-C2F8290BD787}.Debug|Any CPU.Build.0 = Debug|Any CPU
		{0551889F-F3B4-4E35-964C-C2F8290BD787}.Release|Any CPU.ActiveCfg = Release|Any CPU
		{0551889F-F3B4-4E35-964C-C2F8290BD787}.Release|Any CPU.Build.0 = Release|Any CPU
		{95283D83-34AE-400B-9F26-B8C773B26B94}.Debug|Any CPU.ActiveCfg = Debug|Any CPU
		{95283D83-34AE-400B-9F26-B8C773B26B94}.Debug|Any CPU.Build.0 = Debug|Any CPU
		{95283D83-34AE-400B-9F26-B8C773B26B94}.Release|Any CPU.ActiveCfg = Release|Any CPU
		{95283D83-34AE-400B-9F26-B8C773B26B94}.Release|Any CPU.Build.0 = Release|Any CPU
	EndGlobalSection
	GlobalSection(SolutionProperties) = preSolution
		HideSolutionNode = FALSE
	EndGlobalSection
	GlobalSection(ExtensibilityGlobals) = postSolution
		SolutionGuid = {2DC1DE1D-CE4C-4537-8D2A-B5D2FC954294}
	EndGlobalSection
EndGlobal
